
Microsoft Visual Studio Solution File, Format Version 12.00
# Visual Studio Version 16
VisualStudioVersion = 16.0.31321.278
MinimumVisualStudioVersion = 10.0.40219.1
Project("{8BC9CEB8-8B4A-11D0-8D11-00A0C91BC942}") = "quick sort", "quick sort.vcxproj", "{22F98150-B032-49E5-B3A2-6E256883408D}"
EndProject
Global
	GlobalSection(SolutionConfigurationPlatforms) = preSolution
		Debug|x64 = Debug|x64
		Debug|x86 = Debug|x86
		Release|x64 = Release|x64
		Release|x86 = Release|x86
	EndGlobalSection
	GlobalSection(ProjectConfigurationPlatforms) = postSolution
		{22F98150-B032-49E5-B3A2-6E256883408D}.Debug|x64.ActiveCfg = Debug|x64
		{22F98150-B032-49E5-B3A2-6E256883408D}.Debug|x64.Build.0 = Debug|x64
		{22F98150-B032-49E5-B3A2-6E256883408D}.Debug|x86.ActiveCfg = Debug|Win32
		{22F98150-B032-49E5-B3A2-6E256883408D}.Debug|x86.Build.0 = Debug|Win32
		{22F98150-B032-49E5-B3A2-6E256883408D}.Release|x64.ActiveCfg = Release|x64
		{22F98150-B032-49E5-B3A2-6E256883408D}.Release|x64.Build.0 = Release|x64
		{22F98150-B032-49E5-B3A2-6E256883408D}.Release|x86.ActiveCfg = Release|Win32
		{22F98150-B032-49E5-B3A2-6E256883408D}.Release|x86.Build.0 = Release|Win32
	EndGlobalSection
	GlobalSection(SolutionProperties) = preSolution
		HideSolutionNode = FALSE
	EndGlobalSection
	GlobalSection(ExtensibilityGlobals) = postSolution
		SolutionGuid = {E73CB2E0-2DAA-4D6F-9749-DC8F7ADFB698}
	EndGlobalSection
EndGlobal
